<?xml version="1.0" encoding="utf-8"?>
<Project ToolsVersion="4.0" xmlns="http://schemas.microsoft.com/developer/msbuild/2003">
  <ItemGroup>
    <ClCompile Include="..\..\ImGuizmo\ImGuizmo.cpp" />
    <ClCompile Include="..\..\imgui\examples\imgui_impl_dx11.cpp" />
    <ClCompile Include="..\..\imgui\examples\imgui_impl_opengl3.cpp" />
    <ClCompile Include="..\..\imgui\examples\imgui_impl_win32.cpp" />
    <ClCompile Include="..\..\imgui\imgui.cpp" />
    <ClCompile Include="..\..\imgui\imgui_demo.cpp" />
    <ClCompile Include="..\..\imgui\imgui_draw.cpp" />
    <ClCompile Include="..\..\imgui\imgui_widgets.cpp" />
    <ClCompile Include="AABBSystem.cpp" />
    <ClCompile Include="Camera.cpp" />
    <ClCompile Include="CameraSystem.cpp" />
    <ClCompile Include="Core.cpp" />
    <ClCompile Include="DirectXAPI.cpp" />
    <ClCompile Include="DirectXRenderer.cpp" />
    <ClCompile Include="DirectXRenderSystem.cpp" />
    <ClCompile Include="DXCore.cpp" />
    <ClCompile Include="EmscriptenInputSystem.cpp" />
    <ClCompile Include="EmscriptenPlatform.cpp" />
    <ClCompile Include="EngineCameraControllerSystem.cpp" />
    <ClCompile Include="Entity.cpp" />
    <ClCompile Include="esUtil.c" />
    <ClCompile Include="Game.cpp" />
    <ClCompile Include="GameWindow.cpp" />
    <ClCompile Include="GizmoSystem.cpp" />
    <ClCompile Include="GLCore.cpp" />
    <ClCompile Include="imgui_impl_emscripten.cpp" />
    <ClCompile Include="InspectorGUI.cpp" />
    <ClCompile Include="IOpenGLContext.cpp" />
    <ClCompile Include="Main.cpp" />
    <ClCompile Include="Material.cpp" />
    <ClCompile Include="Mesh.cpp" />
    <ClCompile Include="MeshLoaderSystem.cpp" />
    <ClCompile Include="OpenGLAPI.cpp" />
    <ClCompile Include="OpenGLESContext.cpp" />
    <ClCompile Include="PortableGame.cpp" />
    <ClCompile Include="GLRenderer.cpp" />
    <ClCompile Include="GLRenderSystem.cpp" />
    <ClCompile Include="SerializationSystem.cpp" />
    <ClCompile Include="Shader.cpp" />
    <ClCompile Include="SimpleShader.cpp" />
    <ClCompile Include="Timer.cpp" />
    <ClCompile Include="Transform.cpp" />
    <ClCompile Include="TransformSystem.cpp" />
    <ClCompile Include="WindowsInputSystem.cpp" />
    <ClCompile Include="WindowsPlatform.cpp" />
    <ClCompile Include="WinOpenGLContext.cpp" />
    <ClCompile Include="IRenderSystem.cpp" />
    <ClCompile Include="ImageSystem.cpp" />
  </ItemGroup>
  <ItemGroup>
    <ClInclude Include="AABB.h" />
    <ClInclude Include="AABBSystem.h" />
    <ClInclude Include="BufferStructs.h" />
    <ClInclude Include="Camera.h" />
    <ClInclude Include="CameraSystem.h" />
    <ClInclude Include="Core.h" />
    <ClInclude Include="DirectXAPI.h" />
    <ClInclude Include="DirectXRenderer.h" />
    <ClInclude Include="DirectXRenderSystem.h" />
    <ClInclude Include="DXCore.h" />
    <ClInclude Include="EmscriptenInputSystem.h" />
    <ClInclude Include="EmscriptenPlatform.h" />
    <ClInclude Include="EngineCameraControllerSystem.h" />
    <ClInclude Include="Entity.h" />
    <ClInclude Include="esUtil.h" />
    <ClInclude Include="Game.h" />
    <ClInclude Include="GameWindow.h" />
    <ClInclude Include="GizmoSystem.h" />
    <ClInclude Include="GLCore.h" />
    <ClInclude Include="IGraphicsAPI.h" />
    <ClInclude Include="IInputSystem.h" />
    <ClInclude Include="imgui_impl_emscripten.h" />
    <ClInclude Include="InspectorGUI.h" />
    <ClInclude Include="IOpenGLContext.h" />
    <ClInclude Include="IPlatform.h" />
    <ClInclude Include="IRenderer.h" />
    <ClInclude Include="Lights.h" />
    <ClInclude Include="Material.h" />
    <ClInclude Include="Mesh.h" />
    <ClInclude Include="MeshLoaderSystem.h" />
    <ClInclude Include="misc_components.h" />
    <ClInclude Include="OpenGLAPI.h" />
    <ClInclude Include="OpenGLESContext.h" />
    <ClInclude Include="PortableGame.h" />
    <ClInclude Include="Relationship.h" />
    <ClInclude Include="GLRenderer.h" />
    <ClInclude Include="GLRenderSystem.h" />
    <ClInclude Include="SerializationSystem.h" />
    <ClInclude Include="Shader.h" />
    <ClInclude Include="SimpleShader.h" />
    <ClInclude Include="Timer.h" />
    <ClInclude Include="Transform.h" />
    <ClInclude Include="TransformSystem.h" />
    <ClInclude Include="Vertex.h" />
    <ClInclude Include="WindowsInputSystem.h" />
    <ClInclude Include="WindowsPlatform.h" />
    <ClInclude Include="WinOpenGLContext.h" />
    <ClInclude Include="IRenderSystem.h" />
    <ClInclude Include="PEImage.h" />
    <ClInclude Include="ImageSystem.h" />
    <ClInclude Include="IImageGraphicsData.h" />
    <ClInclude Include="OpenGLImageGraphicsData.h" />
    <ClInclude Include="DirectX11ImageGraphicsData.h" />
  </ItemGroup>
  <ItemGroup>
    <None Include="packages.config" />
  </ItemGroup>
</Project>